
Microsoft Visual Studio Solution File, Format Version 12.00
# Visual Studio Version 16
VisualStudioVersion = 16.0.31205.134
MinimumVisualStudioVersion = 10.0.40219.1
Project("{9A19103F-16F7-4668-BE54-9A1E7A4F7556}") = "BikeRental", "BikeRental.csproj", "{4F71B2C2-2966-475A-8965-A2EB4A5BAB51}"
EndProject
Global
	GlobalSection(SolutionConfigurationPlatforms) = preSolution
		Debug|Any CPU = Debug|Any CPU
		Release|Any CPU = Release|Any CPU
	EndGlobalSection
	GlobalSection(ProjectConfigurationPlatforms) = postSolution
		{4F71B2C2-2966-475A-8965-A2EB4A5BAB51}.Debug|Any CPU.ActiveCfg = Debug|Any CPU
		{4F71B2C2-2966-475A-8965-A2EB4A5BAB51}.Debug|Any CPU.Build.0 = Debug|Any CPU
		{4F71B2C2-2966-475A-8965-A2EB4A5BAB51}.Release|Any CPU.ActiveCfg = Release|Any CPU
		{4F71B2C2-2966-475A-8965-A2EB4A5BAB51}.Release|Any CPU.Build.0 = Release|Any CPU
	EndGlobalSection
	GlobalSection(SolutionProperties) = preSolution
		HideSolutionNode = FALSE
	EndGlobalSection
	GlobalSection(ExtensibilityGlobals) = postSolution
		SolutionGuid = {73283908-B17A-470D-B187-C56F787098E4}
	EndGlobalSection
EndGlobal
